
Microsoft Visual Studio Solution File, Format Version 12.00
# Visual Studio Version 17
VisualStudioVersion = 17.0.31903.59
MinimumVisualStudioVersion = 10.0.40219.1
Project("{FAE04EC0-301F-11D3-BF4B-00C04F79EFBC}") = "mc", "mc\mc.csproj", "{84B06553-A47A-4CA8-815E-66D049798649}"
EndProject
Project("{FAE04EC0-301F-11D3-BF4B-00C04F79EFBC}") = "Minsk", "Minsk\Minsk.csproj", "{60DBF508-EA6B-4DDA-B919-719A553FA267}"
EndProject
Project("{FAE04EC0-301F-11D3-BF4B-00C04F79EFBC}") = "Minsk.Tests", "Minsk.Tests\Minsk.Tests.csproj", "{76507B73-071D-45C4-A8A5-B048E1E9343E}"
EndProject
Global
	GlobalSection(SolutionConfigurationPlatforms) = preSolution
		Debug|Any CPU = Debug|Any CPU
		Release|Any CPU = Release|Any CPU
	EndGlobalSection
	GlobalSection(SolutionProperties) = preSolution
		HideSolutionNode = FALSE
	EndGlobalSection
	GlobalSection(ProjectConfigurationPlatforms) = postSolution
		{84B06553-A47A-4CA8-815E-66D049798649}.Debug|Any CPU.ActiveCfg = Debug|Any CPU
		{84B06553-A47A-4CA8-815E-66D049798649}.Debug|Any CPU.Build.0 = Debug|Any CPU
		{84B06553-A47A-4CA8-815E-66D049798649}.Release|Any CPU.ActiveCfg = Release|Any CPU
		{84B06553-A47A-4CA8-815E-66D049798649}.Release|Any CPU.Build.0 = Release|Any CPU
		{60DBF508-EA6B-4DDA-B919-719A553FA267}.Debug|Any CPU.ActiveCfg = Debug|Any CPU
		{60DBF508-EA6B-4DDA-B919-719A553FA267}.Debug|Any CPU.Build.0 = Debug|Any CPU
		{60DBF508-EA6B-4DDA-B919-719A553FA267}.Release|Any CPU.ActiveCfg = Release|Any CPU
		{60DBF508-EA6B-4DDA-B919-719A553FA267}.Release|Any CPU.Build.0 = Release|Any CPU
		{76507B73-071D-45C4-A8A5-B048E1E9343E}.Debug|Any CPU.ActiveCfg = Debug|Any CPU
		{76507B73-071D-45C4-A8A5-B048E1E9343E}.Debug|Any CPU.Build.0 = Debug|Any CPU
		{76507B73-071D-45C4-A8A5-B048E1E9343E}.Release|Any CPU.ActiveCfg = Release|Any CPU
		{76507B73-071D-45C4-A8A5-B048E1E9343E}.Release|Any CPU.Build.0 = Release|Any CPU
	EndGlobalSection
EndGlobal
